<?xml version="1.0" encoding="utf-8"?>
<Project ToolsVersion="4.0" xmlns="http://schemas.microsoft.com/developer/msbuild/2003">
  <ItemGroup>
    <Filter Include="Gameplay">
      <UniqueIdentifier>{49e3d938-b4e3-48b0-9f08-2c35535adcf7}</UniqueIdentifier>
    </Filter>
    <Filter Include="Extra">
      <UniqueIdentifier>{1d946318-43e4-49ae-aa14-7d6e92bc8ee8}</UniqueIdentifier>
    </Filter>
    <Filter Include="Extra\Source Files">
      <UniqueIdentifier>{4FC737F1-C7A5-4376-A066-2A32D752A2FF}</UniqueIdentifier>
      <Extensions>cpp;c;cc;cxx;def;odl;idl;hpj;bat;asm;asmx</Extensions>
    </Filter>
    <Filter Include="Extra\Header Files">
      <UniqueIdentifier>{93995380-89BD-4b04-88EB-625FBE52EBFB}</UniqueIdentifier>
      <Extensions>h;hh;hpp;hxx;hm;inl;inc;xsd</Extensions>
    </Filter>
    <Filter Include="Extra\Header Files\Containers">
      <UniqueIdentifier>{97c4111e-b102-4ba8-9053-6f07ccbbe3d4}</UniqueIdentifier>
    </Filter>
    <Filter Include="Gameplay\Headers">
      <UniqueIdentifier>{6ed3fb22-ee80-4768-a369-a0210ba0958c}</UniqueIdentifier>
    </Filter>
    <Filter Include="Gameplay\Source">
      <UniqueIdentifier>{11dc0eb5-1f06-4400-b818-13fafc135784}</UniqueIdentifier>
    </Filter>
  </ItemGroup>
  <ItemGroup>
    <ClInclude Include="Application.h">
      <Filter>Extra\Header Files</Filter>
    </ClInclude>
    <ClInclude Include="Globals.h">
      <Filter>Extra\Header Files</Filter>
    </ClInclude>
    <ClInclude Include="Module.h">
      <Filter>Extra\Header Files</Filter>
    </ClInclude>
    <ClInclude Include="ModuleWindow.h">
      <Filter>Extra\Header Files</Filter>
    </ClInclude>
    <ClInclude Include="ModuleRender.h">
      <Filter>Extra\Header Files</Filter>
    </ClInclude>
    <ClInclude Include="ModuleTextures.h">
      <Filter>Extra\Header Files</Filter>
    </ClInclude>
    <ClInclude Include="ModuleInput.h">
      <Filter>Extra\Header Files</Filter>
    </ClInclude>
    <ClInclude Include="p2Point.h">
      <Filter>Extra\Header Files\Containers</Filter>
    </ClInclude>
    <ClInclude Include="p2DynArray.h">
      <Filter>Extra\Header Files\Containers</Filter>
    </ClInclude>
    <ClInclude Include="ModuleAudio.h">
      <Filter>Extra\Header Files</Filter>
    </ClInclude>
    <ClInclude Include="p2List.h">
      <Filter>Extra\Header Files\Containers</Filter>
    </ClInclude>
    <ClInclude Include="ModulePhysics.h">
      <Filter>Gameplay\Headers</Filter>
    </ClInclude>
    <ClInclude Include="ModulePlayer.h">
      <Filter>Gameplay\Headers</Filter>
    </ClInclude>
    <ClInclude Include="ModuleScene.h">
      <Filter>Gameplay\Headers</Filter>
    </ClInclude>
  </ItemGroup>
  <ItemGroup>
    <ClCompile Include="Main.cpp">
      <Filter>Extra\Source Files</Filter>
    </ClCompile>
    <ClCompile Include="ModuleWindow.cpp">
      <Filter>Extra\Source Files</Filter>
    </ClCompile>
    <ClCompile Include="log.cpp">
      <Filter>Extra\Source Files</Filter>
    </ClCompile>
    <ClCompile Include="Application.cpp">
      <Filter>Extra\Source Files</Filter>
    </ClCompile>
    <ClCompile Include="ModuleRender.cpp">
      <Filter>Extra\Source Files</Filter>
    </ClCompile>
    <ClCompile Include="ModuleTextures.cpp">
      <Filter>Extra\Source Files</Filter>
    </ClCompile>
    <ClCompile Include="ModuleInput.cpp">
      <Filter>Extra\Source Files</Filter>
    </ClCompile>
    <ClCompile Include="ModuleAudio.cpp">
      <Filter>Extra\Source Files</Filter>
    </ClCompile>
    <ClCompile Include="ModulePhysics.cpp">
      <Filter>Gameplay\Source</Filter>
    </ClCompile>
    <ClCompile Include="ModulePlayer.cpp">
      <Filter>Gameplay\Source</Filter>
    </ClCompile>
    <ClCompile Include="ModuleScene.cpp">
      <Filter>Gameplay\Source</Filter>
    </ClCompile>
  </ItemGroup>
</Project>